Microsoft Visual Studio Solution File, Format Version 12.00
# Visual Studio Version 17
VisualStudioVersion = 17.14.36310.24
MinimumVisualStudioVersion = 10.0.40219.1
Project("{FAE04EC0-301F-11D3-BF4B-00C04F79EFBC}") = "flowcast.AppHost", "flowcast.AppHost\flowcast.AppHost.csproj", "{75419864-F425-4163-A1B5-C729900BCD14}"
EndProject
Project("{FAE04EC0-301F-11D3-BF4B-00C04F79EFBC}") = "flowcast.ServiceDefaults", "flowcast.ServiceDefaults\flowcast.ServiceDefaults.csproj", "{3305DE4E-5796-0718-E587-65ABCE6EE786}"
EndProject
Project("{FAE04EC0-301F-11D3-BF4B-00C04F79EFBC}") = "flowcast.ApiService", "flowcast.ApiService\flowcast.ApiService.csproj", "{375B8FB9-14C6-2AE7-7FED-12DA363AA0B1}"
EndProject
Project("{FAE04EC0-301F-11D3-BF4B-00C04F79EFBC}") = "flowcast.Web", "flowcast.Web\flowcast.Web.csproj", "{184DB3B8-B63D-814F-7358-B27DEF5CA148}"
EndProject
Project("{FAE04EC0-301F-11D3-BF4B-00C04F79EFBC}") = "flowcast.Tests", "flowcast.Tests\flowcast.Tests.csproj", "{7D7B4E9B-E74D-C8DA-85B7-77DF0D89BFAC}"
EndProject
Project("{FAE04EC0-301F-11D3-BF4B-00C04F79EFBC}") = "flowcast.Domain", "flowcast.Domain\flowcast.Domain.csproj", "{14658A0C-E568-4321-8F0E-5B0DD817D1FB}"
EndProject
Project("{FAE04EC0-301F-11D3-BF4B-00C04F79EFBC}") = "flowcast.Application", "flowcast.Application\flowcast.Application.csproj", "{E63BD44E-7911-4E06-9F1A-22F5B74F824B}"
EndProject
Project("{FAE04EC0-301F-11D3-BF4B-00C04F79EFBC}") = "flowcast.Persistance", "flowcast.Persistance\flowcast.Persistance.csproj", "{281ABFCD-3011-43A1-873C-8060336C1235}"
EndProject
Project("{2150E333-8FDC-42A3-9474-1A3956D46DE8}") = "Docs", "Docs", "{02EA681E-C7D8-13C7-8484-4AC65E1B71E8}"
	ProjectSection(SolutionItems) = preProject
		DocTechnique.md = DocTechnique.md
		Rex.md = Rex.md
		UserManual.md = UserManual.md
	EndProjectSection
EndProject
Global
	GlobalSection(SolutionConfigurationPlatforms) = preSolution
		Debug|Any CPU = Debug|Any CPU
		Release|Any CPU = Release|Any CPU
	EndGlobalSection
	GlobalSection(ProjectConfigurationPlatforms) = postSolution
		{75419864-F425-4163-A1B5-C729900BCD14}.Debug|Any CPU.ActiveCfg = Debug|Any CPU
		{75419864-F425-4163-A1B5-C729900BCD14}.Debug|Any CPU.Build.0 = Debug|Any CPU
		{75419864-F425-4163-A1B5-C729900BCD14}.Release|Any CPU.ActiveCfg = Release|Any CPU
		{75419864-F425-4163-A1B5-C729900BCD14}.Release|Any CPU.Build.0 = Release|Any CPU
		{3305DE4E-5796-0718-E587-65ABCE6EE786}.Debug|Any CPU.ActiveCfg = Debug|Any CPU
		{3305DE4E-5796-0718-E587-65ABCE6EE786}.Debug|Any CPU.Build.0 = Debug|Any CPU
		{3305DE4E-5796-0718-E587-65ABCE6EE786}.Release|Any CPU.ActiveCfg = Release|Any CPU
		{3305DE4E-5796-0718-E587-65ABCE6EE786}.Release|Any CPU.Build.0 = Release|Any CPU
		{375B8FB9-14C6-2AE7-7FED-12DA363AA0B1}.Debug|Any CPU.ActiveCfg = Debug|Any CPU
		{375B8FB9-14C6-2AE7-7FED-12DA363AA0B1}.Debug|Any CPU.Build.0 = Debug|Any CPU
		{375B8FB9-14C6-2AE7-7FED-12DA363AA0B1}.Release|Any CPU.ActiveCfg = Release|Any CPU
		{375B8FB9-14C6-2AE7-7FED-12DA363AA0B1}.Release|Any CPU.Build.0 = Release|Any CPU
		{184DB3B8-B63D-814F-7358-B27DEF5CA148}.Debug|Any CPU.ActiveCfg = Debug|Any CPU
		{184DB3B8-B63D-814F-7358-B27DEF5CA148}.Debug|Any CPU.Build.0 = Debug|Any CPU
		{184DB3B8-B63D-814F-7358-B27DEF5CA148}.Release|Any CPU.ActiveCfg = Release|Any CPU
		{184DB3B8-B63D-814F-7358-B27DEF5CA148}.Release|Any CPU.Build.0 = Release|Any CPU
		{7D7B4E9B-E74D-C8DA-85B7-77DF0D89BFAC}.Debug|Any CPU.ActiveCfg = Debug|Any CPU
		{7D7B4E9B-E74D-C8DA-85B7-77DF0D89BFAC}.Debug|Any CPU.Build.0 = Debug|Any CPU
		{7D7B4E9B-E74D-C8DA-85B7-77DF0D89BFAC}.Release|Any CPU.ActiveCfg = Release|Any CPU
		{7D7B4E9B-E74D-C8DA-85B7-77DF0D89BFAC}.Release|Any CPU.Build.0 = Release|Any CPU
		{14658A0C-E568-4321-8F0E-5B0DD817D1FB}.Debug|Any CPU.ActiveCfg = Debug|Any CPU
		{14658A0C-E568-4321-8F0E-5B0DD817D1FB}.Debug|Any CPU.Build.0 = Debug|Any CPU
		{14658A0C-E568-4321-8F0E-5B0DD817D1FB}.Release|Any CPU.ActiveCfg = Release|Any CPU
		{14658A0C-E568-4321-8F0E-5B0DD817D1FB}.Release|Any CPU.Build.0 = Release|Any CPU
		{E63BD44E-7911-4E06-9F1A-22F5B74F824B}.Debug|Any CPU.ActiveCfg = Debug|Any CPU
		{E63BD44E-7911-4E06-9F1A-22F5B74F824B}.Debug|Any CPU.Build.0 = Debug|Any CPU
		{E63BD44E-7911-4E06-9F1A-22F5B74F824B}.Release|Any CPU.ActiveCfg = Release|Any CPU
		{E63BD44E-7911-4E06-9F1A-22F5B74F824B}.Release|Any CPU.Build.0 = Release|Any CPU
		{281ABFCD-3011-43A1-873C-8060336C1235}.Debug|Any CPU.ActiveCfg = Debug|Any CPU
		{281ABFCD-3011-43A1-873C-8060336C1235}.Debug|Any CPU.Build.0 = Debug|Any CPU
		{281ABFCD-3011-43A1-873C-8060336C1235}.Release|Any CPU.ActiveCfg = Release|Any CPU
		{281ABFCD-3011-43A1-873C-8060336C1235}.Release|Any CPU.Build.0 = Release|Any CPU
	EndGlobalSection
	GlobalSection(SolutionProperties) = preSolution
		HideSolutionNode = FALSE
	EndGlobalSection
	GlobalSection(ExtensibilityGlobals) = postSolution
		SolutionGuid = {58D2D2E1-AA3D-4397-835E-650CF426ACAA}
	EndGlobalSection
EndGlobal
